PODS:
  - AFNetworking (2.5.0):
    - AFNetworking/NSURLConnection (= 2.5.0)
    - AFNetworking/NSURLSession (= 2.5.0)
    - AFNetworking/Reachability (= 2.5.0)
    - AFNetworking/Security (= 2.5.0)
    - AFNetworking/Serialization (= 2.5.0)
    - AFNetworking/UIKit (= 2.5.0)
  - AFNetworking/NSURLConnection (2.5.0):
    - AFNetworking/Reachability
    - AFNetworking/Security
    - AFNetworking/Serialization
  - AFNetworking/NSURLSession (2.5.0):
    - AFNetworking/Reachability
    - AFNetworking/Security
    - AFNetworking/Serialization
  - AFNetworking/Reachability (2.5.0)
  - AFNetworking/Security (2.5.0)
  - AFNetworking/Serialization (2.5.0)
  - AFNetworking/UIKit (2.5.0):
    - AFNetworking/NSURLConnection
    - AFNetworking/NSURLSession
  - box-ios-sdk-v2 (1.2.2):
    - box-ios-sdk-v2/no-arc (= 1.2.2)
  - box-ios-sdk-v2/no-arc (1.2.2)
  - CocoaAsyncSocket (7.3.5)
  - CocoaHTTPServer (2.3):
    - CocoaAsyncSocket
    - CocoaLumberjack
  - CocoaLumberjack (1.9.2):
    - CocoaLumberjack/Extensions (= 1.9.2)
  - CocoaLumberjack/Core (1.9.2)
  - CocoaLumberjack/Extensions (1.9.2):
    - CocoaLumberjack/Core
  - DACircularProgress (2.2.0)
  - ELCImagePickerController (0.2.0)
  - Google-API-Client/Common (1.0.418):
    - gtm-http-fetcher (~> 1.0.141)
    - gtm-oauth2 (~> 1.0.125)
  - Google-API-Client/Drive (1.0.418):
    - Google-API-Client/Common
    - gtm-http-fetcher (~> 1.0.141)
    - gtm-oauth2 (~> 1.0.125)
  - gtm-http-fetcher (1.0.141)
  - gtm-oauth2 (1.0.125):
    - gtm-http-fetcher (~> 1.0.141)
  - ISO8601DateFormatter (0.7)
  - LTHPasscodeViewController (3.3.3)
  - MBProgressHUD (0.9)
  - objective-zip (0.8.3)
  - OBSlider (1.1.0)
  - PSTCollectionView (1.2.3)
  - SSKeychain (1.2.2)
  - upnpx (1.3.0)
  - XMLDictionary (1.4)

DEPENDENCIES:
  - AFNetworking (from `https://github.com/AFNetworking/AFNetworking.git`, commit `0e6f9be`)
  - box-ios-sdk-v2 (from `https://github.com/box/box-ios-sdk-v2.git`, commit `76272c9`)
  - CocoaHTTPServer (= 2.3)
  - DACircularProgress (from `https://github.com/danielamitay/DACircularProgress.git`, commit `ccc7a2e`)
  - ELCImagePickerController (from `https://github.com/B-Sides/ELCImagePickerController.git`, commit `b57e2f3`)
  - Google-API-Client/Drive (= 1.0.418)
  - ISO8601DateFormatter (= 0.7)
  - LTHPasscodeViewController (= 3.3.3)
  - MBProgressHUD (from `https://github.com/jdg/MBProgressHUD.git`, commit `fc1903f`)
  - objective-zip (= 0.8.3)
  - OBSlider (= 1.1.0)
  - PSTCollectionView (= 1.2.3)
  - SSKeychain (= 1.2.2)
  - upnpx (from `https://github.com/fkuehne/upnpx.git`, commit `8e31bd1`)
  - XMLDictionary (= 1.4)

EXTERNAL SOURCES:
  AFNetworking:
    :commit: 0e6f9be
    :git: https://github.com/AFNetworking/AFNetworking.git
  box-ios-sdk-v2:
    :commit: 76272c9
    :git: https://github.com/box/box-ios-sdk-v2.git
  DACircularProgress:
    :commit: ccc7a2e
    :git: https://github.com/danielamitay/DACircularProgress.git
  ELCImagePickerController:
    :commit: b57e2f3
    :git: https://github.com/B-Sides/ELCImagePickerController.git
  MBProgressHUD:
    :commit: fc1903f
    :git: https://github.com/jdg/MBProgressHUD.git
  upnpx:
    :commit: 8e31bd1
    :git: https://github.com/fkuehne/upnpx.git

SPEC CHECKSUMS:
  AFNetworking: 4c9d0041306f20098bedc239a6ff13cd58440943
  box-ios-sdk-v2: c06d3009266dc2c5c27bbb3882f1e5cf1f3c72cb
  CocoaAsyncSocket: 45bdbbc1c0a5ed0640ff4c42af325ba43a2f099a
  CocoaHTTPServer: 217df4cba4e48803db2480f97b805aaad2230dd1
  CocoaLumberjack: 205769c032b5fef85b92472046bcc8b7e7c8a817
  DACircularProgress: 659d6fd11b5fc099c13ba9350239d9dca324916a
  ELCImagePickerController: 1baf64fadfe088550c16f82225469e4dfad917e2
  Google-API-Client: ff0d197a1fa20a5feb2d9c38bdf0bcdcd1ec3889
  gtm-http-fetcher: 81c529957d3ab67726898d1c1d62f98b2ed18ff5
  gtm-oauth2: 3f97d22a6066a80df0b1f878c1ce41176472daad
  ISO8601DateFormatter: 59731cd880cf87e71b4fa95f0d6b713dcbc4cbce
  LTHPasscodeViewController: 8387a22d59ed648e3c23d8db265eaae110850975
  MBProgressHUD: 85f9608e8473269aba4f6603958bb8bafcb60388
  objective-zip: 5d3c6d7c5f9f7638c840c011e9e33485b5caa43c
  OBSlider: 3536461f3dd47dfcbd0972c5aafb88aa7081fb79
  PSTCollectionView: d9f466e4554cc83260ca9bde7beb27f308e8fd76
  SSKeychain: cc48bd3ad24fcd9125adb9e0d23dd50b8bbd08b9
  upnpx: e9c5b4ca6fa09224fdf78b1a5e168a2637784506
  XMLDictionary: 735e81b9a043e220b0d24e9d4f16719606f2e0fc

COCOAPODS: 0.35.0.rc1
