PODS:
  - AFNetworking (2.5.0):
    - AFNetworking/NSURLConnection (= 2.5.0)
    - AFNetworking/NSURLSession (= 2.5.0)
    - AFNetworking/Reachability (= 2.5.0)
    - AFNetworking/Security (= 2.5.0)
    - AFNetworking/Serialization (= 2.5.0)
    - AFNetworking/UIKit (= 2.5.0)
  - AFNetworking/NSURLConnection (2.5.0):
    - AFNetworking/Reachability
    - AFNetworking/Security
    - AFNetworking/Serialization
  - AFNetworking/NSURLSession (2.5.0):
    - AFNetworking/Reachability
    - AFNetworking/Security
    - AFNetworking/Serialization
  - AFNetworking/Reachability (2.5.0)
  - AFNetworking/Security (2.5.0)
  - AFNetworking/Serialization (2.5.0)
  - AFNetworking/UIKit (2.5.0):
    - AFNetworking/NSURLConnection
    - AFNetworking/NSURLSession
  - box-ios-sdk-v2 (1.2.2):
    - box-ios-sdk-v2/no-arc (= 1.2.2)
  - box-ios-sdk-v2/no-arc (1.2.2)
  - CocoaAsyncSocket (7.4.1)
  - CocoaHTTPServer (2.3):
    - CocoaAsyncSocket
    - CocoaLumberjack
  - CocoaLumberjack (2.0.0):
    - CocoaLumberjack/Default (= 2.0.0)
    - CocoaLumberjack/Extensions (= 2.0.0)
  - CocoaLumberjack/Core (2.0.0)
  - CocoaLumberjack/Default (2.0.0):
    - CocoaLumberjack/Core
  - CocoaLumberjack/Extensions (2.0.0):
    - CocoaLumberjack/Default
  - DACircularProgress (2.2.0)
  - ELCImagePickerController (0.2.0)
  - Google-API-Client/Common (1.0.418):
    - gtm-http-fetcher (~> 1.0.141)
    - gtm-oauth2 (~> 1.0.125)
  - Google-API-Client/Drive (1.0.418):
    - Google-API-Client/Common
    - gtm-http-fetcher (~> 1.0.141)
    - gtm-oauth2 (~> 1.0.125)
  - gtm-http-fetcher (1.0.141)
  - gtm-oauth2 (1.0.126):
    - gtm-http-fetcher (~> 1.0.141)
  - iRate (1.11.3)
  - ISO8601DateFormatter (0.7)
  - LTHPasscodeViewController (3.3.3)
  - MAConfirmButton (2.0)
  - MBProgressHUD (0.9)
  - MKStoreKit (HEAD based on 4.99)
  - objective-zip (0.8.3)
  - OBSlider (1.1.0)
  - PSTCollectionView (1.2.3)
  - SSKeychain (1.2.2)
  - upnpx (1.3.1)
  - XMLDictionary (1.4)

DEPENDENCIES:
  - AFNetworking (from `https://github.com/AFNetworking/AFNetworking.git`, commit
    `0e6f9be`)
  - box-ios-sdk-v2 (from `https://github.com/box/box-ios-sdk-v2.git`, commit `5b9af5c`)
  - CocoaHTTPServer (= 2.3)
  - DACircularProgress (from `https://github.com/danielamitay/DACircularProgress.git`,
    commit `ccc7a2e`)
  - ELCImagePickerController (from `https://github.com/B-Sides/ELCImagePickerController.git`,
    commit `b57e2f3`)
  - Google-API-Client/Drive (= 1.0.418)
  - iRate (= 1.11.3)
  - ISO8601DateFormatter (= 0.7)
  - LTHPasscodeViewController (= 3.3.3)
  - MAConfirmButton (from `https://github.com/gizmosachin/MAConfirmButton.git`, commit
    `cc15357`)
  - MBProgressHUD (from `https://github.com/jdg/MBProgressHUD.git`, commit `fc1903f`)
  - MKStoreKit (HEAD)
  - objective-zip (= 0.8.3)
  - OBSlider (= 1.1.0)
  - PSTCollectionView (= 1.2.3)
  - SSKeychain (= 1.2.2)
  - upnpx (from `https://github.com/fkuehne/upnpx.git`, commit `7bbfef5`)
  - XMLDictionary (= 1.4)

EXTERNAL SOURCES:
  AFNetworking:
    :commit: 0e6f9be
    :git: https://github.com/AFNetworking/AFNetworking.git
  box-ios-sdk-v2:
    :commit: 5b9af5c
    :git: https://github.com/box/box-ios-sdk-v2.git
  DACircularProgress:
    :commit: ccc7a2e
    :git: https://github.com/danielamitay/DACircularProgress.git
  ELCImagePickerController:
    :commit: b57e2f3
    :git: https://github.com/B-Sides/ELCImagePickerController.git
  MAConfirmButton:
    :commit: cc15357
    :git: https://github.com/gizmosachin/MAConfirmButton.git
  MBProgressHUD:
    :commit: fc1903f
    :git: https://github.com/jdg/MBProgressHUD.git
  upnpx:
    :commit: 7bbfef5
    :git: https://github.com/fkuehne/upnpx.git

CHECKOUT OPTIONS:
  AFNetworking:
    :commit: 0e6f9be
    :git: https://github.com/AFNetworking/AFNetworking.git
  box-ios-sdk-v2:
    :commit: 5b9af5c
    :git: https://github.com/box/box-ios-sdk-v2.git
  DACircularProgress:
    :commit: ccc7a2e
    :git: https://github.com/danielamitay/DACircularProgress.git
  ELCImagePickerController:
    :commit: b57e2f3
    :git: https://github.com/B-Sides/ELCImagePickerController.git
  MAConfirmButton:
    :commit: cc15357
    :git: https://github.com/gizmosachin/MAConfirmButton.git
  MBProgressHUD:
    :commit: fc1903f
    :git: https://github.com/jdg/MBProgressHUD.git
  upnpx:
    :commit: 7bbfef5
    :git: https://github.com/fkuehne/upnpx.git

SPEC CHECKSUMS:
  AFNetworking: 96ac9bf3eda33582701cb1fcc5b896aa1e20311e
  box-ios-sdk-v2: e6833ca786bf93da1dbe63e3d0a945b1e1fe1f42
  CocoaAsyncSocket: 7cbf214b27f8e7f7574db6a3fd96352ffaed433d
  CocoaHTTPServer: 5624681fc3473d43b18202f635f9b3abb013b530
  CocoaLumberjack: a6f77d987d65dc7ba86b0f84db7d0b9084f77bcb
  DACircularProgress: 0f92b77239d5f3c612fc66185e2998391ac8e054
  ELCImagePickerController: b1b7084434a7d49f2cfc916bde1f3ba353d38de9
  Google-API-Client: 015d6f9303fa910f91f42300a088eac5fac5dd25
  gtm-http-fetcher: 6d4617e7d343b6e4c082b777541c334eb6f5d81e
  gtm-oauth2: 2a18b824e4f8a02df6cfe987beb59ae9d9697f9d
  iRate: 09ef501c74ade02013348bc33225ea48f7aa4e55
  ISO8601DateFormatter: ab926648eebe497f4d167c0fd083992f959f1274
  LTHPasscodeViewController: 01d2c19b6e2aefcd34f4a63d880cf3718da27fdc
  MAConfirmButton: fb4a445eb31b717981c9b74c1cdd3c25fd4f3960
  MBProgressHUD: d8e7ea388dc1549a42e0d219067cf5f2c898fb66
  MKStoreKit: 748617e5f87ad1e0d3f075155047945248eccefc
  objective-zip: a27d4b3c060eead4325159e49178e7f0ad5ee808
  OBSlider: 490f108007bfdd5414a38650b211fe403a95b8a0
  PSTCollectionView: 6749df92885353521f55279a7ce2b293762e2be4
  SSKeychain: 88767e903ee8d274ed380e364d96b7a101235286
  upnpx: ef9bb95b4aa4c1c8b52f0cd1e4ee5cdb13d1b42f
  XMLDictionary: f9f51601ba76678b594ab485f2b00ec1fed23724

COCOAPODS: 0.36.4
